{
  "object": {
    "pins": [
      {
        "package": "AdvancedList",
        "repositoryURL": "https://github.com/crelies/AdvancedList",
        "state": {
          "branch": null,
          "revision": "bc4d17a0861e84a5cc521e39b7b14cc42d33fcba",
          "version": "1.0.0"
        }
      },
      {
        "package": "ListPagination",
        "repositoryURL": "https://github.com/crelies/ListPagination",
        "state": {
          "branch": null,
          "revision": "1557cfe6508f5ea7361dbec8be6d27a2392a4015",
          "version": "0.1.0"
        }
      }
    ]
  },
  "version": 1
}
