{
  "object": {
    "pins": [
      {
        "package": "AdvancedList",
        "repositoryURL": "https://github.com/crelies/AdvancedList",
        "state": {
          "branch": null,
          "revision": "489289c599673e3ec2158d6061e8eb8ed128a045",
          "version": "5.0.0"
        }
      },
      {
        "package": "ListPagination",
        "repositoryURL": "https://github.com/crelies/ListPagination",
        "state": {
          "branch": null,
          "revision": "af667b368a10512da79605b61698d53c11d24cbf",
          "version": "0.1.1"
        }
      }
    ]
  },
  "version": 1
}
