// !$*UTF8*$!
{
	archiveVersion = 1;
	classes = {
	};
	objectVersion = 50;
	objects = {

/* Begin PBXBuildFile section */
		B9D9DFE822CA8CDC00051FE2 /* AppDelegate.swift in Sources */ = {isa = PBXBuildFile; fileRef = B9D9DFE722CA8CDC00051FE2 /* AppDelegate.swift */; };
		B9D9DFEA22CA8CDC00051FE2 /* SceneDelegate.swift in Sources */ = {isa = PBXBuildFile; fileRef = B9D9DFE922CA8CDC00051FE2 /* SceneDelegate.swift */; };
		B9D9DFEC22CA8CDC00051FE2 /* ContentView.swift in Sources */ = {isa = PBXBuildFile; fileRef = B9D9DFEB22CA8CDC00051FE2 /* ContentView.swift */; };
		B9D9DFEE22CA8CDD00051FE2 /* Assets.xcassets in Resources */ = {isa = PBXBuildFile; fileRef = B9D9DFED22CA8CDD00051FE2 /* Assets.xcassets */; };
		B9D9DFF122CA8CDD00051FE2 /* Preview Assets.xcassets in Resources */ = {isa = PBXBuildFile; fileRef = B9D9DFF022CA8CDD00051FE2 /* Preview Assets.xcassets */; };
		B9D9DFF422CA8CDD00051FE2 /* LaunchScreen.storyboard in Resources */ = {isa = PBXBuildFile; fileRef = B9D9DFF222CA8CDD00051FE2 /* LaunchScreen.storyboard */; };
		B9D9DFFF22CA8D4900051FE2 /* DataModelProtocol.swift in Sources */ = {isa = PBXBuildFile; fileRef = B9D9DFFE22CA8D4900051FE2 /* DataModelProtocol.swift */; };
		B9D9E00122CA8D6000051FE2 /* EmptyViewProvider.swift in Sources */ = {isa = PBXBuildFile; fileRef = B9D9E00022CA8D6000051FE2 /* EmptyViewProvider.swift */; };
		B9D9E00322CA8D7000051FE2 /* ErrorViewProvider.swift in Sources */ = {isa = PBXBuildFile; fileRef = B9D9E00222CA8D7000051FE2 /* ErrorViewProvider.swift */; };
		B9D9E00522CA8D8000051FE2 /* LoadingViewProvider.swift in Sources */ = {isa = PBXBuildFile; fileRef = B9D9E00422CA8D7F00051FE2 /* LoadingViewProvider.swift */; };
		B9D9E00722CA8D9000051FE2 /* ListState.swift in Sources */ = {isa = PBXBuildFile; fileRef = B9D9E00622CA8D9000051FE2 /* ListState.swift */; };
		B9D9E00922CA8DCE00051FE2 /* ListService.swift in Sources */ = {isa = PBXBuildFile; fileRef = B9D9E00822CA8DCE00051FE2 /* ListService.swift */; };
		B9D9E00C22CA8E5C00051FE2 /* ContactDataModel.swift in Sources */ = {isa = PBXBuildFile; fileRef = B9D9E00B22CA8E5C00051FE2 /* ContactDataModel.swift */; };
		B9D9E00E22CA8E6F00051FE2 /* AdDataModel.swift in Sources */ = {isa = PBXBuildFile; fileRef = B9D9E00D22CA8E6F00051FE2 /* AdDataModel.swift */; };
		B9D9E01122CA8E8E00051FE2 /* AdvancedList.swift in Sources */ = {isa = PBXBuildFile; fileRef = B9D9E01022CA8E8E00051FE2 /* AdvancedList.swift */; };
/* End PBXBuildFile section */

/* Begin PBXFileReference section */
		B9D9DFE422CA8CDC00051FE2 /* AdvancedList.app */ = {isa = PBXFileReference; explicitFileType = wrapper.application; includeInIndex = 0; path = AdvancedList.app; sourceTree = BUILT_PRODUCTS_DIR; };
		B9D9DFE722CA8CDC00051FE2 /* AppDelegate.swift */ = {isa = PBXFileReference; lastKnownFileType = sourcecode.swift; path = AppDelegate.swift; sourceTree = "<group>"; };
		B9D9DFE922CA8CDC00051FE2 /* SceneDelegate.swift */ = {isa = PBXFileReference; lastKnownFileType = sourcecode.swift; path = SceneDelegate.swift; sourceTree = "<group>"; };
		B9D9DFEB22CA8CDC00051FE2 /* ContentView.swift */ = {isa = PBXFileReference; lastKnownFileType = sourcecode.swift; path = ContentView.swift; sourceTree = "<group>"; };
		B9D9DFED22CA8CDD00051FE2 /* Assets.xcassets */ = {isa = PBXFileReference; lastKnownFileType = folder.assetcatalog; path = Assets.xcassets; sourceTree = "<group>"; };
		B9D9DFF022CA8CDD00051FE2 /* Preview Assets.xcassets */ = {isa = PBXFileReference; lastKnownFileType = folder.assetcatalog; path = "Preview Assets.xcassets"; sourceTree = "<group>"; };
		B9D9DFF322CA8CDD00051FE2 /* Base */ = {isa = PBXFileReference; lastKnownFileType = file.storyboard; name = Base; path = Base.lproj/LaunchScreen.storyboard; sourceTree = "<group>"; };
		B9D9DFF522CA8CDD00051FE2 /* Info.plist */ = {isa = PBXFileReference; lastKnownFileType = text.plist.xml; path = Info.plist; sourceTree = "<group>"; };
		B9D9DFFE22CA8D4900051FE2 /* DataModelProtocol.swift */ = {isa = PBXFileReference; lastKnownFileType = sourcecode.swift; path = DataModelProtocol.swift; sourceTree = "<group>"; };
		B9D9E00022CA8D6000051FE2 /* EmptyViewProvider.swift */ = {isa = PBXFileReference; lastKnownFileType = sourcecode.swift; path = EmptyViewProvider.swift; sourceTree = "<group>"; };
		B9D9E00222CA8D7000051FE2 /* ErrorViewProvider.swift */ = {isa = PBXFileReference; lastKnownFileType = sourcecode.swift; path = ErrorViewProvider.swift; sourceTree = "<group>"; };
		B9D9E00422CA8D7F00051FE2 /* LoadingViewProvider.swift */ = {isa = PBXFileReference; lastKnownFileType = sourcecode.swift; path = LoadingViewProvider.swift; sourceTree = "<group>"; };
		B9D9E00622CA8D9000051FE2 /* ListState.swift */ = {isa = PBXFileReference; lastKnownFileType = sourcecode.swift; path = ListState.swift; sourceTree = "<group>"; };
		B9D9E00822CA8DCE00051FE2 /* ListService.swift */ = {isa = PBXFileReference; lastKnownFileType = sourcecode.swift; path = ListService.swift; sourceTree = "<group>"; };
		B9D9E00B22CA8E5C00051FE2 /* ContactDataModel.swift */ = {isa = PBXFileReference; lastKnownFileType = sourcecode.swift; path = ContactDataModel.swift; sourceTree = "<group>"; };
		B9D9E00D22CA8E6F00051FE2 /* AdDataModel.swift */ = {isa = PBXFileReference; lastKnownFileType = sourcecode.swift; path = AdDataModel.swift; sourceTree = "<group>"; };
		B9D9E01022CA8E8E00051FE2 /* AdvancedList.swift */ = {isa = PBXFileReference; lastKnownFileType = sourcecode.swift; path = AdvancedList.swift; sourceTree = "<group>"; };
		B9D9E01222CA971D00051FE2 /* AdvancedList.gif */ = {isa = PBXFileReference; lastKnownFileType = image.gif; path = AdvancedList.gif; sourceTree = SOURCE_ROOT; };
/* End PBXFileReference section */

/* Begin PBXFrameworksBuildPhase section */
		B9D9DFE122CA8CDC00051FE2 /* Frameworks */ = {
			isa = PBXFrameworksBuildPhase;
			buildActionMask = 2147483647;
			files = (
			);
			runOnlyForDeploymentPostprocessing = 0;
		};
/* End PBXFrameworksBuildPhase section */

/* Begin PBXGroup section */
		B9D9DFDB22CA8CDC00051FE2 = {
			isa = PBXGroup;
			children = (
				B9D9DFE622CA8CDC00051FE2 /* AdvancedList */,
				B9D9DFE522CA8CDC00051FE2 /* Products */,
			);
			sourceTree = "<group>";
		};
		B9D9DFE522CA8CDC00051FE2 /* Products */ = {
			isa = PBXGroup;
			children = (
				B9D9DFE422CA8CDC00051FE2 /* AdvancedList.app */,
			);
			name = Products;
			sourceTree = "<group>";
		};
		B9D9DFE622CA8CDC00051FE2 /* AdvancedList */ = {
			isa = PBXGroup;
			children = (
				B9D9E01222CA971D00051FE2 /* AdvancedList.gif */,
				B9D9E00A22CA8E4800051FE2 /* Example */,
				B9D9DFFD22CA8D3300051FE2 /* Models */,
				B9D9DFFB22CA8D1B00051FE2 /* Protocols */,
				B9D9DFFC22CA8D2400051FE2 /* Services */,
				B9D9E00F22CA8E7F00051FE2 /* Views */,
				B9D9DFE722CA8CDC00051FE2 /* AppDelegate.swift */,
				B9D9DFE922CA8CDC00051FE2 /* SceneDelegate.swift */,
				B9D9DFEB22CA8CDC00051FE2 /* ContentView.swift */,
				B9D9DFED22CA8CDD00051FE2 /* Assets.xcassets */,
				B9D9DFF222CA8CDD00051FE2 /* LaunchScreen.storyboard */,
				B9D9DFF522CA8CDD00051FE2 /* Info.plist */,
				B9D9DFEF22CA8CDD00051FE2 /* Preview Content */,
			);
			path = AdvancedList;
			sourceTree = "<group>";
		};
		B9D9DFEF22CA8CDD00051FE2 /* Preview Content */ = {
			isa = PBXGroup;
			children = (
				B9D9DFF022CA8CDD00051FE2 /* Preview Assets.xcassets */,
			);
			path = "Preview Content";
			sourceTree = "<group>";
		};
		B9D9DFFB22CA8D1B00051FE2 /* Protocols */ = {
			isa = PBXGroup;
			children = (
				B9D9DFFE22CA8D4900051FE2 /* DataModelProtocol.swift */,
				B9D9E00022CA8D6000051FE2 /* EmptyViewProvider.swift */,
				B9D9E00222CA8D7000051FE2 /* ErrorViewProvider.swift */,
				B9D9E00422CA8D7F00051FE2 /* LoadingViewProvider.swift */,
			);
			path = Protocols;
			sourceTree = "<group>";
		};
		B9D9DFFC22CA8D2400051FE2 /* Services */ = {
			isa = PBXGroup;
			children = (
				B9D9E00822CA8DCE00051FE2 /* ListService.swift */,
			);
			path = Services;
			sourceTree = "<group>";
		};
		B9D9DFFD22CA8D3300051FE2 /* Models */ = {
			isa = PBXGroup;
			children = (
				B9D9E00622CA8D9000051FE2 /* ListState.swift */,
			);
			path = Models;
			sourceTree = "<group>";
		};
		B9D9E00A22CA8E4800051FE2 /* Example */ = {
			isa = PBXGroup;
			children = (
				B9D9E00D22CA8E6F00051FE2 /* AdDataModel.swift */,
				B9D9E00B22CA8E5C00051FE2 /* ContactDataModel.swift */,
			);
			path = Example;
			sourceTree = "<group>";
		};
		B9D9E00F22CA8E7F00051FE2 /* Views */ = {
			isa = PBXGroup;
			children = (
				B9D9E01022CA8E8E00051FE2 /* AdvancedList.swift */,
			);
			path = Views;
			sourceTree = "<group>";
		};
/* End PBXGroup section */

/* Begin PBXNativeTarget section */
		B9D9DFE322CA8CDC00051FE2 /* AdvancedList */ = {
			isa = PBXNativeTarget;
			buildConfigurationList = B9D9DFF822CA8CDD00051FE2 /* Build configuration list for PBXNativeTarget "AdvancedList" */;
			buildPhases = (
				B9D9DFE022CA8CDC00051FE2 /* Sources */,
				B9D9DFE122CA8CDC00051FE2 /* Frameworks */,
				B9D9DFE222CA8CDC00051FE2 /* Resources */,
			);
			buildRules = (
			);
			dependencies = (
			);
			name = AdvancedList;
			productName = AdvancedList;
			productReference = B9D9DFE422CA8CDC00051FE2 /* AdvancedList.app */;
			productType = "com.apple.product-type.application";
		};
/* End PBXNativeTarget section */

/* Begin PBXProject section */
		B9D9DFDC22CA8CDC00051FE2 /* Project object */ = {
			isa = PBXProject;
			attributes = {
				LastSwiftUpdateCheck = 1100;
				LastUpgradeCheck = 1100;
				ORGANIZATIONNAME = "Christian Elies";
				TargetAttributes = {
					B9D9DFE322CA8CDC00051FE2 = {
						CreatedOnToolsVersion = 11.0;
					};
				};
			};
			buildConfigurationList = B9D9DFDF22CA8CDC00051FE2 /* Build configuration list for PBXProject "AdvancedList" */;
			compatibilityVersion = "Xcode 9.3";
			developmentRegion = en;
			hasScannedForEncodings = 0;
			knownRegions = (
				en,
				Base,
			);
			mainGroup = B9D9DFDB22CA8CDC00051FE2;
			productRefGroup = B9D9DFE522CA8CDC00051FE2 /* Products */;
			projectDirPath = "";
			projectRoot = "";
			targets = (
				B9D9DFE322CA8CDC00051FE2 /* AdvancedList */,
			);
		};
/* End PBXProject section */

/* Begin PBXResourcesBuildPhase section */
		B9D9DFE222CA8CDC00051FE2 /* Resources */ = {
			isa = PBXResourcesBuildPhase;
			buildActionMask = 2147483647;
			files = (
				B9D9DFF422CA8CDD00051FE2 /* LaunchScreen.storyboard in Resources */,
				B9D9DFF122CA8CDD00051FE2 /* Preview Assets.xcassets in Resources */,
				B9D9DFEE22CA8CDD00051FE2 /* Assets.xcassets in Resources */,
			);
			runOnlyForDeploymentPostprocessing = 0;
		};
/* End PBXResourcesBuildPhase section */

/* Begin PBXSourcesBuildPhase section */
		B9D9DFE022CA8CDC00051FE2 /* Sources */ = {
			isa = PBXSourcesBuildPhase;
			buildActionMask = 2147483647;
			files = (
				B9D9E00E22CA8E6F00051FE2 /* AdDataModel.swift in Sources */,
				B9D9E00922CA8DCE00051FE2 /* ListService.swift in Sources */,
				B9D9E00322CA8D7000051FE2 /* ErrorViewProvider.swift in Sources */,
				B9D9E01122CA8E8E00051FE2 /* AdvancedList.swift in Sources */,
				B9D9DFE822CA8CDC00051FE2 /* AppDelegate.swift in Sources */,
				B9D9E00122CA8D6000051FE2 /* EmptyViewProvider.swift in Sources */,
				B9D9DFEA22CA8CDC00051FE2 /* SceneDelegate.swift in Sources */,
				B9D9DFEC22CA8CDC00051FE2 /* ContentView.swift in Sources */,
				B9D9DFFF22CA8D4900051FE2 /* DataModelProtocol.swift in Sources */,
				B9D9E00522CA8D8000051FE2 /* LoadingViewProvider.swift in Sources */,
				B9D9E00C22CA8E5C00051FE2 /* ContactDataModel.swift in Sources */,
				B9D9E00722CA8D9000051FE2 /* ListState.swift in Sources */,
			);
			runOnlyForDeploymentPostprocessing = 0;
		};
/* End PBXSourcesBuildPhase section */

/* Begin PBXVariantGroup section */
		B9D9DFF222CA8CDD00051FE2 /* LaunchScreen.storyboard */ = {
			isa = PBXVariantGroup;
			children = (
				B9D9DFF322CA8CDD00051FE2 /* Base */,
			);
			name = LaunchScreen.storyboard;
			sourceTree = "<group>";
		};
/* End PBXVariantGroup section */

/* Begin XCBuildConfiguration section */
		B9D9DFF622CA8CDD00051FE2 /* Debug */ = {
			isa = XCBuildConfiguration;
			buildSettings = {
				ALWAYS_SEARCH_USER_PATHS = NO;
				CLANG_ANALYZER_NONNULL = YES;
				CLANG_ANALYZER_NUMBER_OBJECT_CONVERSION = YES_AGGRESSIVE;
				CLANG_CXX_LANGUAGE_STANDARD = "gnu++14";
				CLANG_CXX_LIBRARY = "libc++";
				CLANG_ENABLE_MODULES = YES;
				CLANG_ENABLE_OBJC_ARC = YES;
				CLANG_ENABLE_OBJC_WEAK = YES;
				CLANG_WARN_BLOCK_CAPTURE_AUTORELEASING = YES;
				CLANG_WARN_BOOL_CONVERSION = YES;
				CLANG_WARN_COMMA = YES;
				CLANG_WARN_CONSTANT_CONVERSION = YES;
				CLANG_WARN_DEPRECATED_OBJC_IMPLEMENTATIONS = YES;
				CLANG_WARN_DIRECT_OBJC_ISA_USAGE = YES_ERROR;
				CLANG_WARN_DOCUMENTATION_COMMENTS = YES;
				CLANG_WARN_EMPTY_BODY = YES;
				CLANG_WARN_ENUM_CONVERSION = YES;
				CLANG_WARN_INFINITE_RECURSION = YES;
				CLANG_WARN_INT_CONVERSION = YES;
				CLANG_WARN_NON_LITERAL_NULL_CONVERSION = YES;
				CLANG_WARN_OBJC_IMPLICIT_RETAIN_SELF = YES;
				CLANG_WARN_OBJC_LITERAL_CONVERSION = YES;
				CLANG_WARN_OBJC_ROOT_CLASS = YES_ERROR;
				CLANG_WARN_RANGE_LOOP_ANALYSIS = YES;
				CLANG_WARN_STRICT_PROTOTYPES = YES;
				CLANG_WARN_SUSPICIOUS_MOVE = YES;
				CLANG_WARN_UNGUARDED_AVAILABILITY = YES_AGGRESSIVE;
				CLANG_WARN_UNREACHABLE_CODE = YES;
				CLANG_WARN__DUPLICATE_METHOD_MATCH = YES;
				COPY_PHASE_STRIP = NO;
				DEBUG_INFORMATION_FORMAT = dwarf;
				ENABLE_STRICT_OBJC_MSGSEND = YES;
				ENABLE_TESTABILITY = YES;
				GCC_C_LANGUAGE_STANDARD = gnu11;
				GCC_DYNAMIC_NO_PIC = NO;
				GCC_NO_COMMON_BLOCKS = YES;
				GCC_OPTIMIZATION_LEVEL = 0;
				GCC_PREPROCESSOR_DEFINITIONS = (
					"DEBUG=1",
					"$(inherited)",
				);
				GCC_WARN_64_TO_32_BIT_CONVERSION = YES;
				GCC_WARN_ABOUT_RETURN_TYPE = YES_ERROR;
				GCC_WARN_UNDECLARED_SELECTOR = YES;
				GCC_WARN_UNINITIALIZED_AUTOS = YES_AGGRESSIVE;
				GCC_WARN_UNUSED_FUNCTION = YES;
				GCC_WARN_UNUSED_VARIABLE = YES;
				IPHONEOS_DEPLOYMENT_TARGET = 13.0;
				MTL_ENABLE_DEBUG_INFO = INCLUDE_SOURCE;
				MTL_FAST_MATH = YES;
				ONLY_ACTIVE_ARCH = YES;
				SDKROOT = iphoneos;
				SWIFT_ACTIVE_COMPILATION_CONDITIONS = DEBUG;
				SWIFT_OPTIMIZATION_LEVEL = "-Onone";
			};
			name = Debug;
		};
		B9D9DFF722CA8CDD00051FE2 /* Release */ = {
			isa = XCBuildConfiguration;
			buildSettings = {
				ALWAYS_SEARCH_USER_PATHS = NO;
				CLANG_ANALYZER_NONNULL = YES;
				CLANG_ANALYZER_NUMBER_OBJECT_CONVERSION = YES_AGGRESSIVE;
				CLANG_CXX_LANGUAGE_STANDARD = "gnu++14";
				CLANG_CXX_LIBRARY = "libc++";
				CLANG_ENABLE_MODULES = YES;
				CLANG_ENABLE_OBJC_ARC = YES;
				CLANG_ENABLE_OBJC_WEAK = YES;
				CLANG_WARN_BLOCK_CAPTURE_AUTORELEASING = YES;
				CLANG_WARN_BOOL_CONVERSION = YES;
				CLANG_WARN_COMMA = YES;
				CLANG_WARN_CONSTANT_CONVERSION = YES;
				CLANG_WARN_DEPRECATED_OBJC_IMPLEMENTATIONS = YES;
				CLANG_WARN_DIRECT_OBJC_ISA_USAGE = YES_ERROR;
				CLANG_WARN_DOCUMENTATION_COMMENTS = YES;
				CLANG_WARN_EMPTY_BODY = YES;
				CLANG_WARN_ENUM_CONVERSION = YES;
				CLANG_WARN_INFINITE_RECURSION = YES;
				CLANG_WARN_INT_CONVERSION = YES;
				CLANG_WARN_NON_LITERAL_NULL_CONVERSION = YES;
				CLANG_WARN_OBJC_IMPLICIT_RETAIN_SELF = YES;
				CLANG_WARN_OBJC_LITERAL_CONVERSION = YES;
				CLANG_WARN_OBJC_ROOT_CLASS = YES_ERROR;
				CLANG_WARN_RANGE_LOOP_ANALYSIS = YES;
				CLANG_WARN_STRICT_PROTOTYPES = YES;
				CLANG_WARN_SUSPICIOUS_MOVE = YES;
				CLANG_WARN_UNGUARDED_AVAILABILITY = YES_AGGRESSIVE;
				CLANG_WARN_UNREACHABLE_CODE = YES;
				CLANG_WARN__DUPLICATE_METHOD_MATCH = YES;
				COPY_PHASE_STRIP = NO;
				DEBUG_INFORMATION_FORMAT = "dwarf-with-dsym";
				ENABLE_NS_ASSERTIONS = NO;
				ENABLE_STRICT_OBJC_MSGSEND = YES;
				GCC_C_LANGUAGE_STANDARD = gnu11;
				GCC_NO_COMMON_BLOCKS = YES;
				GCC_WARN_64_TO_32_BIT_CONVERSION = YES;
				GCC_WARN_ABOUT_RETURN_TYPE = YES_ERROR;
				GCC_WARN_UNDECLARED_SELECTOR = YES;
				GCC_WARN_UNINITIALIZED_AUTOS = YES_AGGRESSIVE;
				GCC_WARN_UNUSED_FUNCTION = YES;
				GCC_WARN_UNUSED_VARIABLE = YES;
				IPHONEOS_DEPLOYMENT_TARGET = 13.0;
				MTL_ENABLE_DEBUG_INFO = NO;
				MTL_FAST_MATH = YES;
				SDKROOT = iphoneos;
				SWIFT_COMPILATION_MODE = wholemodule;
				SWIFT_OPTIMIZATION_LEVEL = "-O";
				VALIDATE_PRODUCT = YES;
			};
			name = Release;
		};
		B9D9DFF922CA8CDD00051FE2 /* Debug */ = {
			isa = XCBuildConfiguration;
			buildSettings = {
				ASSETCATALOG_COMPILER_APPICON_NAME = AppIcon;
				CODE_SIGN_STYLE = Automatic;
				DEVELOPMENT_ASSET_PATHS = "AdvancedList/Preview\\ Content";
				ENABLE_PREVIEWS = YES;
				INFOPLIST_FILE = AdvancedList/Info.plist;
				LD_RUNPATH_SEARCH_PATHS = (
					"$(inherited)",
					"@executable_path/Frameworks",
				);
				PRODUCT_BUNDLE_IDENTIFIER = de.crelies.AdvancedList;
				PRODUCT_NAME = "$(TARGET_NAME)";
				SWIFT_VERSION = 5.0;
				TARGETED_DEVICE_FAMILY = "1,2";
			};
			name = Debug;
		};
		B9D9DFFA22CA8CDD00051FE2 /* Release */ = {
			isa = XCBuildConfiguration;
			buildSettings = {
				ASSETCATALOG_COMPILER_APPICON_NAME = AppIcon;
				CODE_SIGN_STYLE = Automatic;
				DEVELOPMENT_ASSET_PATHS = "AdvancedList/Preview\\ Content";
				ENABLE_PREVIEWS = YES;
				INFOPLIST_FILE = AdvancedList/Info.plist;
				LD_RUNPATH_SEARCH_PATHS = (
					"$(inherited)",
					"@executable_path/Frameworks",
				);
				PRODUCT_BUNDLE_IDENTIFIER = de.crelies.AdvancedList;
				PRODUCT_NAME = "$(TARGET_NAME)";
				SWIFT_VERSION = 5.0;
				TARGETED_DEVICE_FAMILY = "1,2";
			};
			name = Release;
		};
/* End XCBuildConfiguration section */

/* Begin XCConfigurationList section */
		B9D9DFDF22CA8CDC00051FE2 /* Build configuration list for PBXProject "AdvancedList" */ = {
			isa = XCConfigurationList;
			buildConfigurations = (
				B9D9DFF622CA8CDD00051FE2 /* Debug */,
				B9D9DFF722CA8CDD00051FE2 /* Release */,
			);
			defaultConfigurationIsVisible = 0;
			defaultConfigurationName = Release;
		};
		B9D9DFF822CA8CDD00051FE2 /* Build configuration list for PBXNativeTarget "AdvancedList" */ = {
			isa = XCConfigurationList;
			buildConfigurations = (
				B9D9DFF922CA8CDD00051FE2 /* Debug */,
				B9D9DFFA22CA8CDD00051FE2 /* Release */,
			);
			defaultConfigurationIsVisible = 0;
			defaultConfigurationName = Release;
		};
/* End XCConfigurationList section */
	};
	rootObject = B9D9DFDC22CA8CDC00051FE2 /* Project object */;
}
